
Microsoft Visual Studio Solution File, Format Version 12.00
# Visual Studio 14
VisualStudioVersion = 14.0.25420.1
MinimumVisualStudioVersion = 10.0.40219.1
Project("{FAE04EC0-301F-11D3-BF4B-00C04F79EFBC}") = "BCIExplorer", "BCIExplorer\BCIExplorer.csproj", "{C8443E13-7F3E-445E-B9BB-F834D6D967EB}"
EndProject
Project("{FAE04EC0-301F-11D3-BF4B-00C04F79EFBC}") = "EDFReader", "EDFReader\EDFReader.csproj", "{70A3A9A6-4D12-484A-8E08-299C78D97316}"
EndProject
Project("{FAE04EC0-301F-11D3-BF4B-00C04F79EFBC}") = "Poly2Tri", "Poly2Tri\Poly2Tri.csproj", "{C5E5802D-6A45-4FE9-BAE7-5F0AE91D72C1}"
EndProject
Project("{FAE04EC0-301F-11D3-BF4B-00C04F79EFBC}") = "SharpDXForms", "SharpDXForms\SharpDXForms.csproj", "{CB30CB20-A816-44DF-A893-5573E44D2929}"
EndProject
Global
	GlobalSection(SolutionConfigurationPlatforms) = preSolution
		Debug|Any CPU = Debug|Any CPU
		Debug|Mixed Platforms = Debug|Mixed Platforms
		Debug|Win32 = Debug|Win32
		Debug|x64 = Debug|x64
		Debug|x86 = Debug|x86
		Release|Any CPU = Release|Any CPU
		Release|Mixed Platforms = Release|Mixed Platforms
		Release|Win32 = Release|Win32
		Release|x64 = Release|x64
		Release|x86 = Release|x86
		ReleaseBuild|Any CPU = ReleaseBuild|Any CPU
		ReleaseBuild|Mixed Platforms = ReleaseBuild|Mixed Platforms
		ReleaseBuild|Win32 = ReleaseBuild|Win32
		ReleaseBuild|x64 = ReleaseBuild|x64
		ReleaseBuild|x86 = ReleaseBuild|x86
		Release-Signed|Any CPU = Release-Signed|Any CPU
		Release-Signed|Mixed Platforms = Release-Signed|Mixed Platforms
		Release-Signed|Win32 = Release-Signed|Win32
		Release-Signed|x64 = Release-Signed|x64
		Release-Signed|x86 = Release-Signed|x86
	EndGlobalSection
	GlobalSection(ProjectConfigurationPlatforms) = postSolution
		{C8443E13-7F3E-445E-B9BB-F834D6D967EB}.Debug|Any CPU.ActiveCfg = Debug|Any CPU
		{C8443E13-7F3E-445E-B9BB-F834D6D967EB}.Debug|Any CPU.Build.0 = Debug|Any CPU
		{C8443E13-7F3E-445E-B9BB-F834D6D967EB}.Debug|Mixed Platforms.ActiveCfg = Debug|Any CPU
		{C8443E13-7F3E-445E-B9BB-F834D6D967EB}.Debug|Mixed Platforms.Build.0 = Debug|Any CPU
		{C8443E13-7F3E-445E-B9BB-F834D6D967EB}.Debug|Win32.ActiveCfg = Debug|Any CPU
		{C8443E13-7F3E-445E-B9BB-F834D6D967EB}.Debug|x64.ActiveCfg = Debug|x64
		{C8443E13-7F3E-445E-B9BB-F834D6D967EB}.Debug|x64.Build.0 = Debug|x64
		{C8443E13-7F3E-445E-B9BB-F834D6D967EB}.Debug|x86.ActiveCfg = Debug|x86
		{C8443E13-7F3E-445E-B9BB-F834D6D967EB}.Debug|x86.Build.0 = Debug|x86
		{C8443E13-7F3E-445E-B9BB-F834D6D967EB}.Release|Any CPU.ActiveCfg = Release|Any CPU
		{C8443E13-7F3E-445E-B9BB-F834D6D967EB}.Release|Any CPU.Build.0 = Release|Any CPU
		{C8443E13-7F3E-445E-B9BB-F834D6D967EB}.Release|Mixed Platforms.ActiveCfg = Release|Any CPU
		{C8443E13-7F3E-445E-B9BB-F834D6D967EB}.Release|Mixed Platforms.Build.0 = Release|Any CPU
		{C8443E13-7F3E-445E-B9BB-F834D6D967EB}.Release|Win32.ActiveCfg = Release|Any CPU
		{C8443E13-7F3E-445E-B9BB-F834D6D967EB}.Release|x64.ActiveCfg = Release|x64
		{C8443E13-7F3E-445E-B9BB-F834D6D967EB}.Release|x64.Build.0 = Release|x64
		{C8443E13-7F3E-445E-B9BB-F834D6D967EB}.Release|x86.ActiveCfg = Release|x86
		{C8443E13-7F3E-445E-B9BB-F834D6D967EB}.Release|x86.Build.0 = Release|x86
		{C8443E13-7F3E-445E-B9BB-F834D6D967EB}.ReleaseBuild|Any CPU.ActiveCfg = Release|Any CPU
		{C8443E13-7F3E-445E-B9BB-F834D6D967EB}.ReleaseBuild|Any CPU.Build.0 = Release|Any CPU
		{C8443E13-7F3E-445E-B9BB-F834D6D967EB}.ReleaseBuild|Mixed Platforms.ActiveCfg = Release|Any CPU
		{C8443E13-7F3E-445E-B9BB-F834D6D967EB}.ReleaseBuild|Mixed Platforms.Build.0 = Release|Any CPU
		{C8443E13-7F3E-445E-B9BB-F834D6D967EB}.ReleaseBuild|Win32.ActiveCfg = Release|Any CPU
		{C8443E13-7F3E-445E-B9BB-F834D6D967EB}.ReleaseBuild|x64.ActiveCfg = Release|x64
		{C8443E13-7F3E-445E-B9BB-F834D6D967EB}.ReleaseBuild|x64.Build.0 = Release|x64
		{C8443E13-7F3E-445E-B9BB-F834D6D967EB}.ReleaseBuild|x86.ActiveCfg = Release|x86
		{C8443E13-7F3E-445E-B9BB-F834D6D967EB}.ReleaseBuild|x86.Build.0 = Release|x86
		{C8443E13-7F3E-445E-B9BB-F834D6D967EB}.Release-Signed|Any CPU.ActiveCfg = Release|Any CPU
		{C8443E13-7F3E-445E-B9BB-F834D6D967EB}.Release-Signed|Any CPU.Build.0 = Release|Any CPU
		{C8443E13-7F3E-445E-B9BB-F834D6D967EB}.Release-Signed|Mixed Platforms.ActiveCfg = Release|Any CPU
		{C8443E13-7F3E-445E-B9BB-F834D6D967EB}.Release-Signed|Mixed Platforms.Build.0 = Release|Any CPU
		{C8443E13-7F3E-445E-B9BB-F834D6D967EB}.Release-Signed|Win32.ActiveCfg = Release|Any CPU
		{C8443E13-7F3E-445E-B9BB-F834D6D967EB}.Release-Signed|x64.ActiveCfg = Release|x64
		{C8443E13-7F3E-445E-B9BB-F834D6D967EB}.Release-Signed|x64.Build.0 = Release|x64
		{C8443E13-7F3E-445E-B9BB-F834D6D967EB}.Release-Signed|x86.ActiveCfg = Release|x86
		{C8443E13-7F3E-445E-B9BB-F834D6D967EB}.Release-Signed|x86.Build.0 = Release|x86
		{70A3A9A6-4D12-484A-8E08-299C78D97316}.Debug|Any CPU.ActiveCfg = Debug|Any CPU
		{70A3A9A6-4D12-484A-8E08-299C78D97316}.Debug|Any CPU.Build.0 = Debug|Any CPU
		{70A3A9A6-4D12-484A-8E08-299C78D97316}.Debug|Mixed Platforms.ActiveCfg = Debug|Any CPU
		{70A3A9A6-4D12-484A-8E08-299C78D97316}.Debug|Mixed Platforms.Build.0 = Debug|Any CPU
		{70A3A9A6-4D12-484A-8E08-299C78D97316}.Debug|Win32.ActiveCfg = Debug|Any CPU
		{70A3A9A6-4D12-484A-8E08-299C78D97316}.Debug|x64.ActiveCfg = Debug|x64
		{70A3A9A6-4D12-484A-8E08-299C78D97316}.Debug|x64.Build.0 = Debug|x64
		{70A3A9A6-4D12-484A-8E08-299C78D97316}.Debug|x86.ActiveCfg = Debug|x86
		{70A3A9A6-4D12-484A-8E08-299C78D97316}.Debug|x86.Build.0 = Debug|x86
		{70A3A9A6-4D12-484A-8E08-299C78D97316}.Release|Any CPU.ActiveCfg = Release|Any CPU
		{70A3A9A6-4D12-484A-8E08-299C78D97316}.Release|Any CPU.Build.0 = Release|Any CPU
		{70A3A9A6-4D12-484A-8E08-299C78D97316}.Release|Mixed Platforms.ActiveCfg = Release|Any CPU
		{70A3A9A6-4D12-484A-8E08-299C78D97316}.Release|Mixed Platforms.Build.0 = Release|Any CPU
		{70A3A9A6-4D12-484A-8E08-299C78D97316}.Release|Win32.ActiveCfg = Release|Any CPU
		{70A3A9A6-4D12-484A-8E08-299C78D97316}.Release|x64.ActiveCfg = Release|x64
		{70A3A9A6-4D12-484A-8E08-299C78D97316}.Release|x64.Build.0 = Release|x64
		{70A3A9A6-4D12-484A-8E08-299C78D97316}.Release|x86.ActiveCfg = Release|x86
		{70A3A9A6-4D12-484A-8E08-299C78D97316}.Release|x86.Build.0 = Release|x86
		{70A3A9A6-4D12-484A-8E08-299C78D97316}.ReleaseBuild|Any CPU.ActiveCfg = Release|Any CPU
		{70A3A9A6-4D12-484A-8E08-299C78D97316}.ReleaseBuild|Any CPU.Build.0 = Release|Any CPU
		{70A3A9A6-4D12-484A-8E08-299C78D97316}.ReleaseBuild|Mixed Platforms.ActiveCfg = Release|Any CPU
		{70A3A9A6-4D12-484A-8E08-299C78D97316}.ReleaseBuild|Mixed Platforms.Build.0 = Release|Any CPU
		{70A3A9A6-4D12-484A-8E08-299C78D97316}.ReleaseBuild|Win32.ActiveCfg = Release|Any CPU
		{70A3A9A6-4D12-484A-8E08-299C78D97316}.ReleaseBuild|x64.ActiveCfg = Release|x64
		{70A3A9A6-4D12-484A-8E08-299C78D97316}.ReleaseBuild|x64.Build.0 = Release|x64
		{70A3A9A6-4D12-484A-8E08-299C78D97316}.ReleaseBuild|x86.ActiveCfg = Release|x86
		{70A3A9A6-4D12-484A-8E08-299C78D97316}.ReleaseBuild|x86.Build.0 = Release|x86
		{70A3A9A6-4D12-484A-8E08-299C78D97316}.Release-Signed|Any CPU.ActiveCfg = Release|Any CPU
		{70A3A9A6-4D12-484A-8E08-299C78D97316}.Release-Signed|Any CPU.Build.0 = Release|Any CPU
		{70A3A9A6-4D12-484A-8E08-299C78D97316}.Release-Signed|Mixed Platforms.ActiveCfg = Release|Any CPU
		{70A3A9A6-4D12-484A-8E08-299C78D97316}.Release-Signed|Mixed Platforms.Build.0 = Release|Any CPU
		{70A3A9A6-4D12-484A-8E08-299C78D97316}.Release-Signed|Win32.ActiveCfg = Release|Any CPU
		{70A3A9A6-4D12-484A-8E08-299C78D97316}.Release-Signed|x64.ActiveCfg = Release|x64
		{70A3A9A6-4D12-484A-8E08-299C78D97316}.Release-Signed|x64.Build.0 = Release|x64
		{70A3A9A6-4D12-484A-8E08-299C78D97316}.Release-Signed|x86.ActiveCfg = Release|x86
		{70A3A9A6-4D12-484A-8E08-299C78D97316}.Release-Signed|x86.Build.0 = Release|x86
		{C5E5802D-6A45-4FE9-BAE7-5F0AE91D72C1}.Debug|Any CPU.ActiveCfg = Debug|Any CPU
		{C5E5802D-6A45-4FE9-BAE7-5F0AE91D72C1}.Debug|Any CPU.Build.0 = Debug|Any CPU
		{C5E5802D-6A45-4FE9-BAE7-5F0AE91D72C1}.Debug|Mixed Platforms.ActiveCfg = Debug|x86
		{C5E5802D-6A45-4FE9-BAE7-5F0AE91D72C1}.Debug|Mixed Platforms.Build.0 = Debug|x86
		{C5E5802D-6A45-4FE9-BAE7-5F0AE91D72C1}.Debug|Win32.ActiveCfg = Debug|x86
		{C5E5802D-6A45-4FE9-BAE7-5F0AE91D72C1}.Debug|Win32.Build.0 = Debug|x86
		{C5E5802D-6A45-4FE9-BAE7-5F0AE91D72C1}.Debug|x64.ActiveCfg = Debug|x64
		{C5E5802D-6A45-4FE9-BAE7-5F0AE91D72C1}.Debug|x64.Build.0 = Debug|x64
		{C5E5802D-6A45-4FE9-BAE7-5F0AE91D72C1}.Debug|x86.ActiveCfg = Debug|x86
		{C5E5802D-6A45-4FE9-BAE7-5F0AE91D72C1}.Debug|x86.Build.0 = Debug|x86
		{C5E5802D-6A45-4FE9-BAE7-5F0AE91D72C1}.Release|Any CPU.ActiveCfg = Release|Any CPU
		{C5E5802D-6A45-4FE9-BAE7-5F0AE91D72C1}.Release|Any CPU.Build.0 = Release|Any CPU
		{C5E5802D-6A45-4FE9-BAE7-5F0AE91D72C1}.Release|Mixed Platforms.ActiveCfg = Release|x86
		{C5E5802D-6A45-4FE9-BAE7-5F0AE91D72C1}.Release|Mixed Platforms.Build.0 = Release|x86
		{C5E5802D-6A45-4FE9-BAE7-5F0AE91D72C1}.Release|Win32.ActiveCfg = Release|x86
		{C5E5802D-6A45-4FE9-BAE7-5F0AE91D72C1}.Release|Win32.Build.0 = Release|x86
		{C5E5802D-6A45-4FE9-BAE7-5F0AE91D72C1}.Release|x64.ActiveCfg = Release|x64
		{C5E5802D-6A45-4FE9-BAE7-5F0AE91D72C1}.Release|x64.Build.0 = Release|x64
		{C5E5802D-6A45-4FE9-BAE7-5F0AE91D72C1}.Release|x86.ActiveCfg = Release|x86
		{C5E5802D-6A45-4FE9-BAE7-5F0AE91D72C1}.Release|x86.Build.0 = Release|x86
		{C5E5802D-6A45-4FE9-BAE7-5F0AE91D72C1}.ReleaseBuild|Any CPU.ActiveCfg = Release|Any CPU
		{C5E5802D-6A45-4FE9-BAE7-5F0AE91D72C1}.ReleaseBuild|Any CPU.Build.0 = Release|Any CPU
		{C5E5802D-6A45-4FE9-BAE7-5F0AE91D72C1}.ReleaseBuild|Mixed Platforms.ActiveCfg = Release|x86
		{C5E5802D-6A45-4FE9-BAE7-5F0AE91D72C1}.ReleaseBuild|Mixed Platforms.Build.0 = Release|x86
		{C5E5802D-6A45-4FE9-BAE7-5F0AE91D72C1}.ReleaseBuild|Win32.ActiveCfg = Release|x86
		{C5E5802D-6A45-4FE9-BAE7-5F0AE91D72C1}.ReleaseBuild|Win32.Build.0 = Release|x86
		{C5E5802D-6A45-4FE9-BAE7-5F0AE91D72C1}.ReleaseBuild|x64.ActiveCfg = Release|x64
		{C5E5802D-6A45-4FE9-BAE7-5F0AE91D72C1}.ReleaseBuild|x64.Build.0 = Release|x64
		{C5E5802D-6A45-4FE9-BAE7-5F0AE91D72C1}.ReleaseBuild|x86.ActiveCfg = Release|x86
		{C5E5802D-6A45-4FE9-BAE7-5F0AE91D72C1}.ReleaseBuild|x86.Build.0 = Release|x86
		{C5E5802D-6A45-4FE9-BAE7-5F0AE91D72C1}.Release-Signed|Any CPU.ActiveCfg = Release|Any CPU
		{C5E5802D-6A45-4FE9-BAE7-5F0AE91D72C1}.Release-Signed|Any CPU.Build.0 = Release|Any CPU
		{C5E5802D-6A45-4FE9-BAE7-5F0AE91D72C1}.Release-Signed|Mixed Platforms.ActiveCfg = Release|x86
		{C5E5802D-6A45-4FE9-BAE7-5F0AE91D72C1}.Release-Signed|Mixed Platforms.Build.0 = Release|x86
		{C5E5802D-6A45-4FE9-BAE7-5F0AE91D72C1}.Release-Signed|Win32.ActiveCfg = Release|x86
		{C5E5802D-6A45-4FE9-BAE7-5F0AE91D72C1}.Release-Signed|Win32.Build.0 = Release|x86
		{C5E5802D-6A45-4FE9-BAE7-5F0AE91D72C1}.Release-Signed|x64.ActiveCfg = Release|x64
		{C5E5802D-6A45-4FE9-BAE7-5F0AE91D72C1}.Release-Signed|x64.Build.0 = Release|x64
		{C5E5802D-6A45-4FE9-BAE7-5F0AE91D72C1}.Release-Signed|x86.ActiveCfg = Release|x86
		{C5E5802D-6A45-4FE9-BAE7-5F0AE91D72C1}.Release-Signed|x86.Build.0 = Release|x86
		{CB30CB20-A816-44DF-A893-5573E44D2929}.Debug|Any CPU.ActiveCfg = Debug|Any CPU
		{CB30CB20-A816-44DF-A893-5573E44D2929}.Debug|Any CPU.Build.0 = Debug|Any CPU
		{CB30CB20-A816-44DF-A893-5573E44D2929}.Debug|Mixed Platforms.ActiveCfg = Debug|x86
		{CB30CB20-A816-44DF-A893-5573E44D2929}.Debug|Mixed Platforms.Build.0 = Debug|x86
		{CB30CB20-A816-44DF-A893-5573E44D2929}.Debug|Win32.ActiveCfg = Debug|x86
		{CB30CB20-A816-44DF-A893-5573E44D2929}.Debug|Win32.Build.0 = Debug|x86
		{CB30CB20-A816-44DF-A893-5573E44D2929}.Debug|x64.ActiveCfg = Debug|x64
		{CB30CB20-A816-44DF-A893-5573E44D2929}.Debug|x64.Build.0 = Debug|x64
		{CB30CB20-A816-44DF-A893-5573E44D2929}.Debug|x86.ActiveCfg = Debug|x86
		{CB30CB20-A816-44DF-A893-5573E44D2929}.Debug|x86.Build.0 = Debug|x86
		{CB30CB20-A816-44DF-A893-5573E44D2929}.Release|Any CPU.ActiveCfg = Release|Any CPU
		{CB30CB20-A816-44DF-A893-5573E44D2929}.Release|Any CPU.Build.0 = Release|Any CPU
		{CB30CB20-A816-44DF-A893-5573E44D2929}.Release|Mixed Platforms.ActiveCfg = Release|x86
		{CB30CB20-A816-44DF-A893-5573E44D2929}.Release|Mixed Platforms.Build.0 = Release|x86
		{CB30CB20-A816-44DF-A893-5573E44D2929}.Release|Win32.ActiveCfg = Release|x86
		{CB30CB20-A816-44DF-A893-5573E44D2929}.Release|Win32.Build.0 = Release|x86
		{CB30CB20-A816-44DF-A893-5573E44D2929}.Release|x64.ActiveCfg = Release|x64
		{CB30CB20-A816-44DF-A893-5573E44D2929}.Release|x64.Build.0 = Release|x64
		{CB30CB20-A816-44DF-A893-5573E44D2929}.Release|x86.ActiveCfg = Release|x86
		{CB30CB20-A816-44DF-A893-5573E44D2929}.Release|x86.Build.0 = Release|x86
		{CB30CB20-A816-44DF-A893-5573E44D2929}.ReleaseBuild|Any CPU.ActiveCfg = Release|Any CPU
		{CB30CB20-A816-44DF-A893-5573E44D2929}.ReleaseBuild|Any CPU.Build.0 = Release|Any CPU
		{CB30CB20-A816-44DF-A893-5573E44D2929}.ReleaseBuild|Mixed Platforms.ActiveCfg = Release|x86
		{CB30CB20-A816-44DF-A893-5573E44D2929}.ReleaseBuild|Mixed Platforms.Build.0 = Release|x86
		{CB30CB20-A816-44DF-A893-5573E44D2929}.ReleaseBuild|Win32.ActiveCfg = Release|x86
		{CB30CB20-A816-44DF-A893-5573E44D2929}.ReleaseBuild|Win32.Build.0 = Release|x86
		{CB30CB20-A816-44DF-A893-5573E44D2929}.ReleaseBuild|x64.ActiveCfg = Release|x64
		{CB30CB20-A816-44DF-A893-5573E44D2929}.ReleaseBuild|x64.Build.0 = Release|x64
		{CB30CB20-A816-44DF-A893-5573E44D2929}.ReleaseBuild|x86.ActiveCfg = Release|x86
		{CB30CB20-A816-44DF-A893-5573E44D2929}.ReleaseBuild|x86.Build.0 = Release|x86
		{CB30CB20-A816-44DF-A893-5573E44D2929}.Release-Signed|Any CPU.ActiveCfg = Release|Any CPU
		{CB30CB20-A816-44DF-A893-5573E44D2929}.Release-Signed|Any CPU.Build.0 = Release|Any CPU
		{CB30CB20-A816-44DF-A893-5573E44D2929}.Release-Signed|Mixed Platforms.ActiveCfg = Release|x86
		{CB30CB20-A816-44DF-A893-5573E44D2929}.Release-Signed|Mixed Platforms.Build.0 = Release|x86
		{CB30CB20-A816-44DF-A893-5573E44D2929}.Release-Signed|Win32.ActiveCfg = Release|x86
		{CB30CB20-A816-44DF-A893-5573E44D2929}.Release-Signed|Win32.Build.0 = Release|x86
		{CB30CB20-A816-44DF-A893-5573E44D2929}.Release-Signed|x64.ActiveCfg = Release|x64
		{CB30CB20-A816-44DF-A893-5573E44D2929}.Release-Signed|x64.Build.0 = Release|x64
		{CB30CB20-A816-44DF-A893-5573E44D2929}.Release-Signed|x86.ActiveCfg = Release|x86
		{CB30CB20-A816-44DF-A893-5573E44D2929}.Release-Signed|x86.Build.0 = Release|x86
	EndGlobalSection
	GlobalSection(SolutionProperties) = preSolution
		HideSolutionNode = FALSE
	EndGlobalSection
EndGlobal
